// !$*UTF8*$!
{
	archiveVersion = 1;
	classes = {
	};
	objectVersion = 55;
	objects = {

/* Begin PBXBuildFile section */
		B307876728BF8FB000C88404 /* NibNames.swift in Sources */ = {isa = PBXBuildFile; fileRef = B307876628BF8FB000C88404 /* NibNames.swift */; };
		B307876928BF9D8400C88404 /* Extensions .swift in Sources */ = {isa = PBXBuildFile; fileRef = B307876828BF9D8400C88404 /* Extensions .swift */; };
		B307876B28C0969500C88404 /* TranslationSwipeCard.swift in Sources */ = {isa = PBXBuildFile; fileRef = B307876A28C0969500C88404 /* TranslationSwipeCard.swift */; };
		B307877028C0EF7200C88404 /* SetsViewController.swift in Sources */ = {isa = PBXBuildFile; fileRef = B307876F28C0EF7200C88404 /* SetsViewController.swift */; };
		B307877528C0F0BA00C88404 /* CardViewController.xib in Resources */ = {isa = PBXBuildFile; fileRef = B307877428C0F0BA00C88404 /* CardViewController.xib */; };
		B30787E828DDBA0B0080EFE4 /* SearchViewController.swift in Sources */ = {isa = PBXBuildFile; fileRef = B30787E628DDBA0B0080EFE4 /* SearchViewController.swift */; };
		B30787E928DDBA0B0080EFE4 /* SearchViewController.xib in Resources */ = {isa = PBXBuildFile; fileRef = B30787E728DDBA0B0080EFE4 /* SearchViewController.xib */; };
		B335BAF328BF466100B9A29F /* CardView.swift in Sources */ = {isa = PBXBuildFile; fileRef = B335BAF228BF466100B9A29F /* CardView.swift */; };
		B335BAF528BF467C00B9A29F /* CardView.xib in Resources */ = {isa = PBXBuildFile; fileRef = B335BAF428BF467C00B9A29F /* CardView.xib */; };
		B335BAF728BF4B7700B9A29F /* CardRepository.swift in Sources */ = {isa = PBXBuildFile; fileRef = B335BAF628BF4B7700B9A29F /* CardRepository.swift */; };
		B33B20EE28BE281000E66FCC /* AppDelegate.swift in Sources */ = {isa = PBXBuildFile; fileRef = B33B20ED28BE281000E66FCC /* AppDelegate.swift */; };
		B33B20F028BE281000E66FCC /* SceneDelegate.swift in Sources */ = {isa = PBXBuildFile; fileRef = B33B20EF28BE281000E66FCC /* SceneDelegate.swift */; };
		B33B20F228BE281000E66FCC /* CardViewController.swift in Sources */ = {isa = PBXBuildFile; fileRef = B33B20F128BE281000E66FCC /* CardViewController.swift */; };
		B33B20F528BE281000E66FCC /* Main.storyboard in Resources */ = {isa = PBXBuildFile; fileRef = B33B20F328BE281000E66FCC /* Main.storyboard */; };
		B33B20F828BE281000E66FCC /* CardLang.xcdatamodeld in Sources */ = {isa = PBXBuildFile; fileRef = B33B20F628BE281000E66FCC /* CardLang.xcdatamodeld */; };
		B33B20FA28BE281100E66FCC /* Assets.xcassets in Resources */ = {isa = PBXBuildFile; fileRef = B33B20F928BE281100E66FCC /* Assets.xcassets */; };
		B33B20FD28BE281100E66FCC /* LaunchScreen.storyboard in Resources */ = {isa = PBXBuildFile; fileRef = B33B20FB28BE281100E66FCC /* LaunchScreen.storyboard */; };
		B33B210E28BE4F2100E66FCC /* CardService.swift in Sources */ = {isa = PBXBuildFile; fileRef = B33B210D28BE4F2100E66FCC /* CardService.swift */; };
		B33B211028BE515F00E66FCC /* Constants .swift in Sources */ = {isa = PBXBuildFile; fileRef = B33B210F28BE515F00E66FCC /* Constants .swift */; };
		B33B211428BE611D00E66FCC /* WordData.swift in Sources */ = {isa = PBXBuildFile; fileRef = B33B211328BE611D00E66FCC /* WordData.swift */; };
		B33B211628BE646200E66FCC /* Translation .swift in Sources */ = {isa = PBXBuildFile; fileRef = B33B211528BE646200E66FCC /* Translation .swift */; };
		B3483C0628F95D900065648C /* RealmService.swift in Sources */ = {isa = PBXBuildFile; fileRef = B3483C0528F95D900065648C /* RealmService.swift */; };
		B35F629228E6E99F00C5F250 /* CardLangTests.swift in Sources */ = {isa = PBXBuildFile; fileRef = B35F629128E6E99F00C5F250 /* CardLangTests.swift */; };
		B35F629928E6EA3800C5F250 /* CardServiceTest.swift in Sources */ = {isa = PBXBuildFile; fileRef = B35F629828E6EA3800C5F250 /* CardServiceTest.swift */; };
		B374DC24290D7DEE0091546A /* TranslationViewController.swift in Sources */ = {isa = PBXBuildFile; fileRef = B374DC22290D7DEE0091546A /* TranslationViewController.swift */; };
		B374DC25290D7DEE0091546A /* TranslationViewController.xib in Resources */ = {isa = PBXBuildFile; fileRef = B374DC23290D7DEE0091546A /* TranslationViewController.xib */; };
		B374DC28290DA2830091546A /* AddTranslationTextField.swift in Sources */ = {isa = PBXBuildFile; fileRef = B374DC27290DA2830091546A /* AddTranslationTextField.swift */; };
		B385B88028E4611200F86C53 /* Colors.swift in Sources */ = {isa = PBXBuildFile; fileRef = B385B87F28E4611200F86C53 /* Colors.swift */; };
		B39D5D1428C4DE8C0088C101 /* WordSet.swift in Sources */ = {isa = PBXBuildFile; fileRef = B39D5D1328C4DE8C0088C101 /* WordSet.swift */; };
		B39D5D1628C4E0710088C101 /* SetRepository.swift in Sources */ = {isa = PBXBuildFile; fileRef = B39D5D1528C4E0710088C101 /* SetRepository.swift */; };
		B3DFAB8828DDBD9A00B84EEC /* SearchTableViewCell.swift in Sources */ = {isa = PBXBuildFile; fileRef = B3DFAB8628DDBD9A00B84EEC /* SearchTableViewCell.swift */; };
		B3DFAB8928DDBD9A00B84EEC /* SearchTableViewCell.xib in Resources */ = {isa = PBXBuildFile; fileRef = B3DFAB8728DDBD9A00B84EEC /* SearchTableViewCell.xib */; };
		B3E86DF028E375D20018AD09 /* LeftOverlayView.xib in Resources */ = {isa = PBXBuildFile; fileRef = B3E86DEF28E375D20018AD09 /* LeftOverlayView.xib */; };
		B3E86DF228E378DB0018AD09 /* RightOverlayView.xib in Resources */ = {isa = PBXBuildFile; fileRef = B3E86DF128E378DB0018AD09 /* RightOverlayView.xib */; };
		B3EFDFB228C0FCA800FA1183 /* SetsTableViewCell.swift in Sources */ = {isa = PBXBuildFile; fileRef = B3EFDFB028C0FCA800FA1183 /* SetsTableViewCell.swift */; };
		B3EFDFB328C0FCA800FA1183 /* SetsTableViewCell.xib in Resources */ = {isa = PBXBuildFile; fileRef = B3EFDFB128C0FCA800FA1183 /* SetsTableViewCell.xib */; };
		B3EFDFB928C0FF4200FA1183 /* SingleSetViewController.swift in Sources */ = {isa = PBXBuildFile; fileRef = B3EFDFB828C0FF4200FA1183 /* SingleSetViewController.swift */; };
		B3EFDFBC28C0FF9700FA1183 /* WordCollectionViewCell.swift in Sources */ = {isa = PBXBuildFile; fileRef = B3EFDFBA28C0FF9700FA1183 /* WordCollectionViewCell.swift */; };
		B3EFDFBD28C0FF9700FA1183 /* WordCollectionViewCell.xib in Resources */ = {isa = PBXBuildFile; fileRef = B3EFDFBB28C0FF9700FA1183 /* WordCollectionViewCell.xib */; };
		B3EFDFC028C1104E00FA1183 /* Identifiers.swift in Sources */ = {isa = PBXBuildFile; fileRef = B3EFDFBF28C1104E00FA1183 /* Identifiers.swift */; };
		F26A4881D181E53098F13649 /* Pods_CardLang.framework in Frameworks */ = {isa = PBXBuildFile; fileRef = 3489D0B7F42CF5CE06D0D617 /* Pods_CardLang.framework */; };
/* End PBXBuildFile section */

/* Begin PBXContainerItemProxy section */
		B35F629328E6E99F00C5F250 /* PBXContainerItemProxy */ = {
			isa = PBXContainerItemProxy;
			containerPortal = B33B20E228BE281000E66FCC /* Project object */;
			proxyType = 1;
			remoteGlobalIDString = B33B20E928BE281000E66FCC;
			remoteInfo = CardLang;
		};
/* End PBXContainerItemProxy section */

/* Begin PBXFileReference section */
		3489D0B7F42CF5CE06D0D617 /* Pods_CardLang.framework */ = {isa = PBXFileReference; explicitFileType = wrapper.framework; includeInIndex = 0; path = Pods_CardLang.framework; sourceTree = BUILT_PRODUCTS_DIR; };
		50D091FDAB469BAB18CA3033 /* Pods-CardLang.release.xcconfig */ = {isa = PBXFileReference; includeInIndex = 1; lastKnownFileType = text.xcconfig; name = "Pods-CardLang.release.xcconfig"; path = "Target Support Files/Pods-CardLang/Pods-CardLang.release.xcconfig"; sourceTree = "<group>"; };
		8D09ED985491E3A84B4B7FA5 /* Pods-CardLang.debug.xcconfig */ = {isa = PBXFileReference; includeInIndex = 1; lastKnownFileType = text.xcconfig; name = "Pods-CardLang.debug.xcconfig"; path = "Target Support Files/Pods-CardLang/Pods-CardLang.debug.xcconfig"; sourceTree = "<group>"; };
		B307876628BF8FB000C88404 /* NibNames.swift */ = {isa = PBXFileReference; lastKnownFileType = sourcecode.swift; path = NibNames.swift; sourceTree = "<group>"; };
		B307876828BF9D8400C88404 /* Extensions .swift */ = {isa = PBXFileReference; lastKnownFileType = sourcecode.swift; path = "Extensions .swift"; sourceTree = "<group>"; };
		B307876A28C0969500C88404 /* TranslationSwipeCard.swift */ = {isa = PBXFileReference; lastKnownFileType = sourcecode.swift; path = TranslationSwipeCard.swift; sourceTree = "<group>"; };
		B307876F28C0EF7200C88404 /* SetsViewController.swift */ = {isa = PBXFileReference; lastKnownFileType = sourcecode.swift; path = SetsViewController.swift; sourceTree = "<group>"; };
		B307877428C0F0BA00C88404 /* CardViewController.xib */ = {isa = PBXFileReference; lastKnownFileType = file.xib; path = CardViewController.xib; sourceTree = "<group>"; };
		B30787E628DDBA0B0080EFE4 /* SearchViewController.swift */ = {isa = PBXFileReference; lastKnownFileType = sourcecode.swift; path = SearchViewController.swift; sourceTree = "<group>"; };
		B30787E728DDBA0B0080EFE4 /* SearchViewController.xib */ = {isa = PBXFileReference; lastKnownFileType = file.xib; name = SearchViewController.xib; path = ../SearchViewController.xib; sourceTree = "<group>"; };
		B312A56228E610B100E274C2 /* Keys.xcconfig */ = {isa = PBXFileReference; lastKnownFileType = text.xcconfig; path = Keys.xcconfig; sourceTree = "<group>"; };
		B335BAF228BF466100B9A29F /* CardView.swift */ = {isa = PBXFileReference; lastKnownFileType = sourcecode.swift; path = CardView.swift; sourceTree = "<group>"; };
		B335BAF428BF467C00B9A29F /* CardView.xib */ = {isa = PBXFileReference; lastKnownFileType = file.xib; path = CardView.xib; sourceTree = "<group>"; };
		B335BAF628BF4B7700B9A29F /* CardRepository.swift */ = {isa = PBXFileReference; lastKnownFileType = sourcecode.swift; path = CardRepository.swift; sourceTree = "<group>"; };
		B33B20EA28BE281000E66FCC /* CardLang.app */ = {isa = PBXFileReference; explicitFileType = wrapper.application; includeInIndex = 0; path = CardLang.app; sourceTree = BUILT_PRODUCTS_DIR; };
		B33B20ED28BE281000E66FCC /* AppDelegate.swift */ = {isa = PBXFileReference; lastKnownFileType = sourcecode.swift; path = AppDelegate.swift; sourceTree = "<group>"; };
		B33B20EF28BE281000E66FCC /* SceneDelegate.swift */ = {isa = PBXFileReference; lastKnownFileType = sourcecode.swift; path = SceneDelegate.swift; sourceTree = "<group>"; };
		B33B20F128BE281000E66FCC /* CardViewController.swift */ = {isa = PBXFileReference; lastKnownFileType = sourcecode.swift; path = CardViewController.swift; sourceTree = "<group>"; };
		B33B20F428BE281000E66FCC /* Base */ = {isa = PBXFileReference; lastKnownFileType = file.storyboard; name = Base; path = Base.lproj/Main.storyboard; sourceTree = "<group>"; };
		B33B20F728BE281000E66FCC /* CardLang.xcdatamodel */ = {isa = PBXFileReference; lastKnownFileType = wrapper.xcdatamodel; path = CardLang.xcdatamodel; sourceTree = "<group>"; };
		B33B20F928BE281100E66FCC /* Assets.xcassets */ = {isa = PBXFileReference; lastKnownFileType = folder.assetcatalog; path = Assets.xcassets; sourceTree = "<group>"; };
		B33B20FC28BE281100E66FCC /* Base */ = {isa = PBXFileReference; lastKnownFileType = file.storyboard; name = Base; path = Base.lproj/LaunchScreen.storyboard; sourceTree = "<group>"; };
		B33B20FE28BE281100E66FCC /* Info.plist */ = {isa = PBXFileReference; lastKnownFileType = text.plist.xml; path = Info.plist; sourceTree = "<group>"; };
		B33B210D28BE4F2100E66FCC /* CardService.swift */ = {isa = PBXFileReference; lastKnownFileType = sourcecode.swift; path = CardService.swift; sourceTree = "<group>"; };
		B33B210F28BE515F00E66FCC /* Constants .swift */ = {isa = PBXFileReference; lastKnownFileType = sourcecode.swift; path = "Constants .swift"; sourceTree = "<group>"; };
		B33B211328BE611D00E66FCC /* WordData.swift */ = {isa = PBXFileReference; lastKnownFileType = sourcecode.swift; path = WordData.swift; sourceTree = "<group>"; };
		B33B211528BE646200E66FCC /* Translation .swift */ = {isa = PBXFileReference; lastKnownFileType = sourcecode.swift; path = "Translation .swift"; sourceTree = "<group>"; };
		B3483C0528F95D900065648C /* RealmService.swift */ = {isa = PBXFileReference; lastKnownFileType = sourcecode.swift; path = RealmService.swift; sourceTree = "<group>"; };
		B35F628F28E6E99F00C5F250 /* CardLangTests.xctest */ = {isa = PBXFileReference; explicitFileType = wrapper.cfbundle; includeInIndex = 0; path = CardLangTests.xctest; sourceTree = BUILT_PRODUCTS_DIR; };
		B35F629128E6E99F00C5F250 /* CardLangTests.swift */ = {isa = PBXFileReference; lastKnownFileType = sourcecode.swift; path = CardLangTests.swift; sourceTree = "<group>"; };
		B35F629828E6EA3800C5F250 /* CardServiceTest.swift */ = {isa = PBXFileReference; lastKnownFileType = sourcecode.swift; path = CardServiceTest.swift; sourceTree = "<group>"; };
		B374DC22290D7DEE0091546A /* TranslationViewController.swift */ = {isa = PBXFileReference; lastKnownFileType = sourcecode.swift; path = TranslationViewController.swift; sourceTree = "<group>"; };
		B374DC23290D7DEE0091546A /* TranslationViewController.xib */ = {isa = PBXFileReference; lastKnownFileType = file.xib; path = TranslationViewController.xib; sourceTree = "<group>"; };
		B374DC27290DA2830091546A /* AddTranslationTextField.swift */ = {isa = PBXFileReference; lastKnownFileType = sourcecode.swift; path = AddTranslationTextField.swift; sourceTree = "<group>"; };
		B385B87F28E4611200F86C53 /* Colors.swift */ = {isa = PBXFileReference; lastKnownFileType = sourcecode.swift; path = Colors.swift; sourceTree = "<group>"; };
		B39D5D1328C4DE8C0088C101 /* WordSet.swift */ = {isa = PBXFileReference; lastKnownFileType = sourcecode.swift; path = WordSet.swift; sourceTree = "<group>"; };
		B39D5D1528C4E0710088C101 /* SetRepository.swift */ = {isa = PBXFileReference; lastKnownFileType = sourcecode.swift; path = SetRepository.swift; sourceTree = "<group>"; };
		B3DFAB8628DDBD9A00B84EEC /* SearchTableViewCell.swift */ = {isa = PBXFileReference; lastKnownFileType = sourcecode.swift; path = SearchTableViewCell.swift; sourceTree = "<group>"; };
		B3DFAB8728DDBD9A00B84EEC /* SearchTableViewCell.xib */ = {isa = PBXFileReference; lastKnownFileType = file.xib; name = SearchTableViewCell.xib; path = ../SearchTableViewCell.xib; sourceTree = "<group>"; };
		B3E86DEF28E375D20018AD09 /* LeftOverlayView.xib */ = {isa = PBXFileReference; lastKnownFileType = file.xib; path = LeftOverlayView.xib; sourceTree = "<group>"; };
		B3E86DF128E378DB0018AD09 /* RightOverlayView.xib */ = {isa = PBXFileReference; lastKnownFileType = file.xib; path = RightOverlayView.xib; sourceTree = "<group>"; };
		B3EFDFB028C0FCA800FA1183 /* SetsTableViewCell.swift */ = {isa = PBXFileReference; lastKnownFileType = sourcecode.swift; path = SetsTableViewCell.swift; sourceTree = "<group>"; };
		B3EFDFB128C0FCA800FA1183 /* SetsTableViewCell.xib */ = {isa = PBXFileReference; lastKnownFileType = file.xib; path = SetsTableViewCell.xib; sourceTree = "<group>"; };
		B3EFDFB828C0FF4200FA1183 /* SingleSetViewController.swift */ = {isa = PBXFileReference; lastKnownFileType = sourcecode.swift; path = SingleSetViewController.swift; sourceTree = "<group>"; };
		B3EFDFBA28C0FF9700FA1183 /* WordCollectionViewCell.swift */ = {isa = PBXFileReference; lastKnownFileType = sourcecode.swift; path = WordCollectionViewCell.swift; sourceTree = "<group>"; };
		B3EFDFBB28C0FF9700FA1183 /* WordCollectionViewCell.xib */ = {isa = PBXFileReference; lastKnownFileType = file.xib; path = WordCollectionViewCell.xib; sourceTree = "<group>"; };
		B3EFDFBF28C1104E00FA1183 /* Identifiers.swift */ = {isa = PBXFileReference; lastKnownFileType = sourcecode.swift; path = Identifiers.swift; sourceTree = "<group>"; };
/* End PBXFileReference section */

/* Begin PBXFrameworksBuildPhase section */
		B33B20E728BE281000E66FCC /* Frameworks */ = {
			isa = PBXFrameworksBuildPhase;
			buildActionMask = 2147483647;
			files = (
				F26A4881D181E53098F13649 /* Pods_CardLang.framework in Frameworks */,
			);
			runOnlyForDeploymentPostprocessing = 0;
		};
		B35F628C28E6E99F00C5F250 /* Frameworks */ = {
			isa = PBXFrameworksBuildPhase;
			buildActionMask = 2147483647;
			files = (
			);
			runOnlyForDeploymentPostprocessing = 0;
		};
/* End PBXFrameworksBuildPhase section */

/* Begin PBXGroup section */
		385C22756E5CC5B99871A94B /* Frameworks */ = {
			isa = PBXGroup;
			children = (
				3489D0B7F42CF5CE06D0D617 /* Pods_CardLang.framework */,
			);
			name = Frameworks;
			sourceTree = "<group>";
		};
		B307876C28C0EF0900C88404 /* controllers  */ = {
			isa = PBXGroup;
			children = (
				B307877328C0F08A00C88404 /* xib */,
				B374DC22290D7DEE0091546A /* TranslationViewController.swift */,
				B33B20F128BE281000E66FCC /* CardViewController.swift */,
				B307876F28C0EF7200C88404 /* SetsViewController.swift */,
				B3EFDFB828C0FF4200FA1183 /* SingleSetViewController.swift */,
				B30787E628DDBA0B0080EFE4 /* SearchViewController.swift */,
			);
			path = "controllers ";
			sourceTree = "<group>";
		};
		B307877328C0F08A00C88404 /* xib */ = {
			isa = PBXGroup;
			children = (
				B374DC23290D7DEE0091546A /* TranslationViewController.xib */,
				B30787E728DDBA0B0080EFE4 /* SearchViewController.xib */,
				B307877428C0F0BA00C88404 /* CardViewController.xib */,
			);
			path = xib;
			sourceTree = "<group>";
		};
		B307877628C0F0D300C88404 /* xib */ = {
			isa = PBXGroup;
			children = (
				B3DFAB8728DDBD9A00B84EEC /* SearchTableViewCell.xib */,
				B3EFDFBB28C0FF9700FA1183 /* WordCollectionViewCell.xib */,
				B3EFDFB128C0FCA800FA1183 /* SetsTableViewCell.xib */,
				B335BAF428BF467C00B9A29F /* CardView.xib */,
				B3E86DEF28E375D20018AD09 /* LeftOverlayView.xib */,
				B3E86DF128E378DB0018AD09 /* RightOverlayView.xib */,
			);
			path = xib;
			sourceTree = "<group>";
		};
		B33B20E128BE281000E66FCC = {
			isa = PBXGroup;
			children = (
				B33B20EC28BE281000E66FCC /* CardLang */,
				B35F629028E6E99F00C5F250 /* CardLangTests */,
				B33B20EB28BE281000E66FCC /* Products */,
				D0629796EC7F89B198126D6F /* Pods */,
				385C22756E5CC5B99871A94B /* Frameworks */,
			);
			sourceTree = "<group>";
		};
		B33B20EB28BE281000E66FCC /* Products */ = {
			isa = PBXGroup;
			children = (
				B33B20EA28BE281000E66FCC /* CardLang.app */,
				B35F628F28E6E99F00C5F250 /* CardLangTests.xctest */,
			);
			name = Products;
			sourceTree = "<group>";
		};
		B33B20EC28BE281000E66FCC /* CardLang */ = {
			isa = PBXGroup;
			children = (
				B33B210628BE296600E66FCC /* domain  */,
				B33B210528BE296100E66FCC /* data */,
				B33B210728BE297000E66FCC /* presentation */,
				B33B20EF28BE281000E66FCC /* SceneDelegate.swift */,
				B33B20ED28BE281000E66FCC /* AppDelegate.swift */,
				B33B20F328BE281000E66FCC /* Main.storyboard */,
				B33B20F928BE281100E66FCC /* Assets.xcassets */,
				B33B20FB28BE281100E66FCC /* LaunchScreen.storyboard */,
				B33B20FE28BE281100E66FCC /* Info.plist */,
				B33B20F628BE281000E66FCC /* CardLang.xcdatamodeld */,
			);
			path = CardLang;
			sourceTree = "<group>";
		};
		B33B210528BE296100E66FCC /* data */ = {
			isa = PBXGroup;
			children = (
				B33B210D28BE4F2100E66FCC /* CardService.swift */,
				B33B210F28BE515F00E66FCC /* Constants .swift */,
				B335BAF628BF4B7700B9A29F /* CardRepository.swift */,
				B39D5D1528C4E0710088C101 /* SetRepository.swift */,
				B312A56228E610B100E274C2 /* Keys.xcconfig */,
				B3483C0528F95D900065648C /* RealmService.swift */,
			);
			path = data;
			sourceTree = "<group>";
		};
		B33B210628BE296600E66FCC /* domain  */ = {
			isa = PBXGroup;
			children = (
				B39D5D1228C4DE6A0088C101 /* model */,
			);
			path = "domain ";
			sourceTree = "<group>";
		};
		B33B210728BE297000E66FCC /* presentation */ = {
			isa = PBXGroup;
			children = (
				B307876C28C0EF0900C88404 /* controllers  */,
				B33B211728BE754E00E66FCC /* views */,
				B307876828BF9D8400C88404 /* Extensions .swift */,
			);
			path = presentation;
			sourceTree = "<group>";
		};
		B33B211728BE754E00E66FCC /* views */ = {
			isa = PBXGroup;
			children = (
				B374DC26290DA25B0091546A /* Designables */,
				B3EFDFBE28C1101100FA1183 /* Constants */,
				B307877628C0F0D300C88404 /* xib */,
				B335BAF228BF466100B9A29F /* CardView.swift */,
				B307876A28C0969500C88404 /* TranslationSwipeCard.swift */,
				B3EFDFB028C0FCA800FA1183 /* SetsTableViewCell.swift */,
				B3EFDFBA28C0FF9700FA1183 /* WordCollectionViewCell.swift */,
				B3DFAB8628DDBD9A00B84EEC /* SearchTableViewCell.swift */,
			);
			path = views;
			sourceTree = "<group>";
		};
		B35F629028E6E99F00C5F250 /* CardLangTests */ = {
			isa = PBXGroup;
			children = (
				B35F629128E6E99F00C5F250 /* CardLangTests.swift */,
				B35F629828E6EA3800C5F250 /* CardServiceTest.swift */,
			);
			path = CardLangTests;
			sourceTree = "<group>";
		};
		B374DC26290DA25B0091546A /* Designables */ = {
			isa = PBXGroup;
			children = (
				B374DC27290DA2830091546A /* AddTranslationTextField.swift */,
			);
			path = Designables;
			sourceTree = "<group>";
		};
		B39D5D1228C4DE6A0088C101 /* model */ = {
			isa = PBXGroup;
			children = (
				B33B211328BE611D00E66FCC /* WordData.swift */,
				B33B211528BE646200E66FCC /* Translation .swift */,
				B39D5D1328C4DE8C0088C101 /* WordSet.swift */,
			);
			path = model;
			sourceTree = "<group>";
		};
		B3EFDFBE28C1101100FA1183 /* Constants */ = {
			isa = PBXGroup;
			children = (
				B307876628BF8FB000C88404 /* NibNames.swift */,
				B3EFDFBF28C1104E00FA1183 /* Identifiers.swift */,
				B385B87F28E4611200F86C53 /* Colors.swift */,
			);
			path = Constants;
			sourceTree = "<group>";
		};
		D0629796EC7F89B198126D6F /* Pods */ = {
			isa = PBXGroup;
			children = (
				8D09ED985491E3A84B4B7FA5 /* Pods-CardLang.debug.xcconfig */,
				50D091FDAB469BAB18CA3033 /* Pods-CardLang.release.xcconfig */,
			);
			path = Pods;
			sourceTree = "<group>";
		};
/* End PBXGroup section */

/* Begin PBXNativeTarget section */
		B33B20E928BE281000E66FCC /* CardLang */ = {
			isa = PBXNativeTarget;
			buildConfigurationList = B33B210128BE281100E66FCC /* Build configuration list for PBXNativeTarget "CardLang" */;
			buildPhases = (
				A7BE9B6B6892D88D525CE2B3 /* [CP] Check Pods Manifest.lock */,
				B33B20E628BE281000E66FCC /* Sources */,
				B33B20E728BE281000E66FCC /* Frameworks */,
				B33B20E828BE281000E66FCC /* Resources */,
				B0DE48AB3A8267041375147B /* [CP] Embed Pods Frameworks */,
			);
			buildRules = (
			);
			dependencies = (
			);
			name = CardLang;
			productName = CardLang;
			productReference = B33B20EA28BE281000E66FCC /* CardLang.app */;
			productType = "com.apple.product-type.application";
		};
		B35F628E28E6E99F00C5F250 /* CardLangTests */ = {
			isa = PBXNativeTarget;
			buildConfigurationList = B35F629728E6E99F00C5F250 /* Build configuration list for PBXNativeTarget "CardLangTests" */;
			buildPhases = (
				B35F628B28E6E99F00C5F250 /* Sources */,
				B35F628C28E6E99F00C5F250 /* Frameworks */,
				B35F628D28E6E99F00C5F250 /* Resources */,
			);
			buildRules = (
			);
			dependencies = (
				B35F629428E6E99F00C5F250 /* PBXTargetDependency */,
			);
			name = CardLangTests;
			productName = CardLangTests;
			productReference = B35F628F28E6E99F00C5F250 /* CardLangTests.xctest */;
			productType = "com.apple.product-type.bundle.unit-test";
		};
/* End PBXNativeTarget section */

/* Begin PBXProject section */
		B33B20E228BE281000E66FCC /* Project object */ = {
			isa = PBXProject;
			attributes = {
				BuildIndependentTargetsInParallel = 1;
				LastSwiftUpdateCheck = 1400;
				LastUpgradeCheck = 1340;
				TargetAttributes = {
					B33B20E928BE281000E66FCC = {
						CreatedOnToolsVersion = 13.4.1;
					};
					B35F628E28E6E99F00C5F250 = {
						CreatedOnToolsVersion = 14.0.1;
						TestTargetID = B33B20E928BE281000E66FCC;
					};
				};
			};
			buildConfigurationList = B33B20E528BE281000E66FCC /* Build configuration list for PBXProject "CardLang" */;
			compatibilityVersion = "Xcode 13.0";
			developmentRegion = en;
			hasScannedForEncodings = 0;
			knownRegions = (
				en,
				Base,
			);
			mainGroup = B33B20E128BE281000E66FCC;
			productRefGroup = B33B20EB28BE281000E66FCC /* Products */;
			projectDirPath = "";
			projectRoot = "";
			targets = (
				B33B20E928BE281000E66FCC /* CardLang */,
				B35F628E28E6E99F00C5F250 /* CardLangTests */,
			);
		};
/* End PBXProject section */

/* Begin PBXResourcesBuildPhase section */
		B33B20E828BE281000E66FCC /* Resources */ = {
			isa = PBXResourcesBuildPhase;
			buildActionMask = 2147483647;
			files = (
				B374DC25290D7DEE0091546A /* TranslationViewController.xib in Resources */,
				B33B20FD28BE281100E66FCC /* LaunchScreen.storyboard in Resources */,
				B33B20FA28BE281100E66FCC /* Assets.xcassets in Resources */,
				B3DFAB8928DDBD9A00B84EEC /* SearchTableViewCell.xib in Resources */,
				B3EFDFB328C0FCA800FA1183 /* SetsTableViewCell.xib in Resources */,
				B335BAF528BF467C00B9A29F /* CardView.xib in Resources */,
				B307877528C0F0BA00C88404 /* CardViewController.xib in Resources */,
				B3E86DF228E378DB0018AD09 /* RightOverlayView.xib in Resources */,
				B3E86DF028E375D20018AD09 /* LeftOverlayView.xib in Resources */,
				B33B20F528BE281000E66FCC /* Main.storyboard in Resources */,
				B30787E928DDBA0B0080EFE4 /* SearchViewController.xib in Resources */,
				B3EFDFBD28C0FF9700FA1183 /* WordCollectionViewCell.xib in Resources */,
			);
			runOnlyForDeploymentPostprocessing = 0;
		};
		B35F628D28E6E99F00C5F250 /* Resources */ = {
			isa = PBXResourcesBuildPhase;
			buildActionMask = 2147483647;
			files = (
			);
			runOnlyForDeploymentPostprocessing = 0;
		};
/* End PBXResourcesBuildPhase section */

/* Begin PBXShellScriptBuildPhase section */
		A7BE9B6B6892D88D525CE2B3 /* [CP] Check Pods Manifest.lock */ = {
			isa = PBXShellScriptBuildPhase;
			buildActionMask = 2147483647;
			files = (
			);
			inputFileListPaths = (
			);
			inputPaths = (
				"${PODS_PODFILE_DIR_PATH}/Podfile.lock",
				"${PODS_ROOT}/Manifest.lock",
			);
			name = "[CP] Check Pods Manifest.lock";
			outputFileListPaths = (
			);
			outputPaths = (
				"$(DERIVED_FILE_DIR)/Pods-CardLang-checkManifestLockResult.txt",
			);
			runOnlyForDeploymentPostprocessing = 0;
			shellPath = /bin/sh;
			shellScript = "diff \"${PODS_PODFILE_DIR_PATH}/Podfile.lock\" \"${PODS_ROOT}/Manifest.lock\" > /dev/null\nif [ $? != 0 ] ; then\n    # print error to STDERR\n    echo \"error: The sandbox is not in sync with the Podfile.lock. Run 'pod install' or update your CocoaPods installation.\" >&2\n    exit 1\nfi\n# This output is used by Xcode 'outputs' to avoid re-running this script phase.\necho \"SUCCESS\" > \"${SCRIPT_OUTPUT_FILE_0}\"\n";
			showEnvVarsInLog = 0;
		};
		B0DE48AB3A8267041375147B /* [CP] Embed Pods Frameworks */ = {
			isa = PBXShellScriptBuildPhase;
			buildActionMask = 2147483647;
			files = (
			);
			inputFileListPaths = (
				"${PODS_ROOT}/Target Support Files/Pods-CardLang/Pods-CardLang-frameworks-${CONFIGURATION}-input-files.xcfilelist",
			);
			name = "[CP] Embed Pods Frameworks";
			outputFileListPaths = (
				"${PODS_ROOT}/Target Support Files/Pods-CardLang/Pods-CardLang-frameworks-${CONFIGURATION}-output-files.xcfilelist",
			);
			runOnlyForDeploymentPostprocessing = 0;
			shellPath = /bin/sh;
			shellScript = "\"${PODS_ROOT}/Target Support Files/Pods-CardLang/Pods-CardLang-frameworks.sh\"\n";
			showEnvVarsInLog = 0;
		};
/* End PBXShellScriptBuildPhase section */

/* Begin PBXSourcesBuildPhase section */
		B33B20E628BE281000E66FCC /* Sources */ = {
			isa = PBXSourcesBuildPhase;
			buildActionMask = 2147483647;
			files = (
				B33B20F228BE281000E66FCC /* CardViewController.swift in Sources */,
				B307876B28C0969500C88404 /* TranslationSwipeCard.swift in Sources */,
				B39D5D1628C4E0710088C101 /* SetRepository.swift in Sources */,
				B3EFDFB928C0FF4200FA1183 /* SingleSetViewController.swift in Sources */,
				B307876928BF9D8400C88404 /* Extensions .swift in Sources */,
				B33B210E28BE4F2100E66FCC /* CardService.swift in Sources */,
				B33B20F828BE281000E66FCC /* CardLang.xcdatamodeld in Sources */,
				B3483C0628F95D900065648C /* RealmService.swift in Sources */,
				B33B211628BE646200E66FCC /* Translation .swift in Sources */,
				B3EFDFC028C1104E00FA1183 /* Identifiers.swift in Sources */,
				B335BAF328BF466100B9A29F /* CardView.swift in Sources */,
				B33B20EE28BE281000E66FCC /* AppDelegate.swift in Sources */,
				B3EFDFB228C0FCA800FA1183 /* SetsTableViewCell.swift in Sources */,
				B33B211028BE515F00E66FCC /* Constants .swift in Sources */,
				B374DC24290D7DEE0091546A /* TranslationViewController.swift in Sources */,
				B374DC28290DA2830091546A /* AddTranslationTextField.swift in Sources */,
				B385B88028E4611200F86C53 /* Colors.swift in Sources */,
				B3EFDFBC28C0FF9700FA1183 /* WordCollectionViewCell.swift in Sources */,
				B335BAF728BF4B7700B9A29F /* CardRepository.swift in Sources */,
				B3DFAB8828DDBD9A00B84EEC /* SearchTableViewCell.swift in Sources */,
				B30787E828DDBA0B0080EFE4 /* SearchViewController.swift in Sources */,
				B39D5D1428C4DE8C0088C101 /* WordSet.swift in Sources */,
				B33B20F028BE281000E66FCC /* SceneDelegate.swift in Sources */,
				B33B211428BE611D00E66FCC /* WordData.swift in Sources */,
				B307877028C0EF7200C88404 /* SetsViewController.swift in Sources */,
				B307876728BF8FB000C88404 /* NibNames.swift in Sources */,
			);
			runOnlyForDeploymentPostprocessing = 0;
		};
		B35F628B28E6E99F00C5F250 /* Sources */ = {
			isa = PBXSourcesBuildPhase;
			buildActionMask = 2147483647;
			files = (
				B35F629228E6E99F00C5F250 /* CardLangTests.swift in Sources */,
				B35F629928E6EA3800C5F250 /* CardServiceTest.swift in Sources */,
			);
			runOnlyForDeploymentPostprocessing = 0;
		};
/* End PBXSourcesBuildPhase section */

/* Begin PBXTargetDependency section */
		B35F629428E6E99F00C5F250 /* PBXTargetDependency */ = {
			isa = PBXTargetDependency;
			target = B33B20E928BE281000E66FCC /* CardLang */;
			targetProxy = B35F629328E6E99F00C5F250 /* PBXContainerItemProxy */;
		};
/* End PBXTargetDependency section */

/* Begin PBXVariantGroup section */
		B33B20F328BE281000E66FCC /* Main.storyboard */ = {
			isa = PBXVariantGroup;
			children = (
				B33B20F428BE281000E66FCC /* Base */,
			);
			name = Main.storyboard;
			sourceTree = "<group>";
		};
		B33B20FB28BE281100E66FCC /* LaunchScreen.storyboard */ = {
			isa = PBXVariantGroup;
			children = (
				B33B20FC28BE281100E66FCC /* Base */,
			);
			name = LaunchScreen.storyboard;
			sourceTree = "<group>";
		};
/* End PBXVariantGroup section */

/* Begin XCBuildConfiguration section */
		B33B20FF28BE281100E66FCC /* Debug */ = {
			isa = XCBuildConfiguration;
			baseConfigurationReference = B312A56228E610B100E274C2 /* Keys.xcconfig */;
			buildSettings = {
				ALWAYS_SEARCH_USER_PATHS = NO;
				CLANG_ANALYZER_NONNULL = YES;
				CLANG_ANALYZER_NUMBER_OBJECT_CONVERSION = YES_AGGRESSIVE;
				CLANG_CXX_LANGUAGE_STANDARD = "gnu++17";
				CLANG_ENABLE_MODULES = YES;
				CLANG_ENABLE_OBJC_ARC = YES;
				CLANG_ENABLE_OBJC_WEAK = YES;
				CLANG_WARN_BLOCK_CAPTURE_AUTORELEASING = YES;
				CLANG_WARN_BOOL_CONVERSION = YES;
				CLANG_WARN_COMMA = YES;
				CLANG_WARN_CONSTANT_CONVERSION = YES;
				CLANG_WARN_DEPRECATED_OBJC_IMPLEMENTATIONS = YES;
				CLANG_WARN_DIRECT_OBJC_ISA_USAGE = YES_ERROR;
				CLANG_WARN_DOCUMENTATION_COMMENTS = YES;
				CLANG_WARN_EMPTY_BODY = YES;
				CLANG_WARN_ENUM_CONVERSION = YES;
				CLANG_WARN_INFINITE_RECURSION = YES;
				CLANG_WARN_INT_CONVERSION = YES;
				CLANG_WARN_NON_LITERAL_NULL_CONVERSION = YES;
				CLANG_WARN_OBJC_IMPLICIT_RETAIN_SELF = YES;
				CLANG_WARN_OBJC_LITERAL_CONVERSION = YES;
				CLANG_WARN_OBJC_ROOT_CLASS = YES_ERROR;
				CLANG_WARN_QUOTED_INCLUDE_IN_FRAMEWORK_HEADER = YES;
				CLANG_WARN_RANGE_LOOP_ANALYSIS = YES;
				CLANG_WARN_STRICT_PROTOTYPES = YES;
				CLANG_WARN_SUSPICIOUS_MOVE = YES;
				CLANG_WARN_UNGUARDED_AVAILABILITY = YES_AGGRESSIVE;
				CLANG_WARN_UNREACHABLE_CODE = YES;
				CLANG_WARN__DUPLICATE_METHOD_MATCH = YES;
				COPY_PHASE_STRIP = NO;
				DEBUG_INFORMATION_FORMAT = dwarf;
				ENABLE_STRICT_OBJC_MSGSEND = YES;
				ENABLE_TESTABILITY = YES;
				GCC_C_LANGUAGE_STANDARD = gnu11;
				GCC_DYNAMIC_NO_PIC = NO;
				GCC_NO_COMMON_BLOCKS = YES;
				GCC_OPTIMIZATION_LEVEL = 0;
				GCC_PREPROCESSOR_DEFINITIONS = (
					"DEBUG=1",
					"$(inherited)",
				);
				GCC_WARN_64_TO_32_BIT_CONVERSION = YES;
				GCC_WARN_ABOUT_RETURN_TYPE = YES_ERROR;
				GCC_WARN_UNDECLARED_SELECTOR = YES;
				GCC_WARN_UNINITIALIZED_AUTOS = YES_AGGRESSIVE;
				GCC_WARN_UNUSED_FUNCTION = YES;
				GCC_WARN_UNUSED_VARIABLE = YES;
				IPHONEOS_DEPLOYMENT_TARGET = 15.5;
				MTL_ENABLE_DEBUG_INFO = INCLUDE_SOURCE;
				MTL_FAST_MATH = YES;
				ONLY_ACTIVE_ARCH = YES;
				SDKROOT = iphoneos;
				SWIFT_ACTIVE_COMPILATION_CONDITIONS = DEBUG;
				SWIFT_OPTIMIZATION_LEVEL = "-Onone";
			};
			name = Debug;
		};
		B33B210028BE281100E66FCC /* Release */ = {
			isa = XCBuildConfiguration;
			baseConfigurationReference = B312A56228E610B100E274C2 /* Keys.xcconfig */;
			buildSettings = {
				ALWAYS_SEARCH_USER_PATHS = NO;
				CLANG_ANALYZER_NONNULL = YES;
				CLANG_ANALYZER_NUMBER_OBJECT_CONVERSION = YES_AGGRESSIVE;
				CLANG_CXX_LANGUAGE_STANDARD = "gnu++17";
				CLANG_ENABLE_MODULES = YES;
				CLANG_ENABLE_OBJC_ARC = YES;
				CLANG_ENABLE_OBJC_WEAK = YES;
				CLANG_WARN_BLOCK_CAPTURE_AUTORELEASING = YES;
				CLANG_WARN_BOOL_CONVERSION = YES;
				CLANG_WARN_COMMA = YES;
				CLANG_WARN_CONSTANT_CONVERSION = YES;
				CLANG_WARN_DEPRECATED_OBJC_IMPLEMENTATIONS = YES;
				CLANG_WARN_DIRECT_OBJC_ISA_USAGE = YES_ERROR;
				CLANG_WARN_DOCUMENTATION_COMMENTS = YES;
				CLANG_WARN_EMPTY_BODY = YES;
				CLANG_WARN_ENUM_CONVERSION = YES;
				CLANG_WARN_INFINITE_RECURSION = YES;
				CLANG_WARN_INT_CONVERSION = YES;
				CLANG_WARN_NON_LITERAL_NULL_CONVERSION = YES;
				CLANG_WARN_OBJC_IMPLICIT_RETAIN_SELF = YES;
				CLANG_WARN_OBJC_LITERAL_CONVERSION = YES;
				CLANG_WARN_OBJC_ROOT_CLASS = YES_ERROR;
				CLANG_WARN_QUOTED_INCLUDE_IN_FRAMEWORK_HEADER = YES;
				CLANG_WARN_RANGE_LOOP_ANALYSIS = YES;
				CLANG_WARN_STRICT_PROTOTYPES = YES;
				CLANG_WARN_SUSPICIOUS_MOVE = YES;
				CLANG_WARN_UNGUARDED_AVAILABILITY = YES_AGGRESSIVE;
				CLANG_WARN_UNREACHABLE_CODE = YES;
				CLANG_WARN__DUPLICATE_METHOD_MATCH = YES;
				COPY_PHASE_STRIP = NO;
				DEBUG_INFORMATION_FORMAT = "dwarf-with-dsym";
				ENABLE_NS_ASSERTIONS = NO;
				ENABLE_STRICT_OBJC_MSGSEND = YES;
				GCC_C_LANGUAGE_STANDARD = gnu11;
				GCC_NO_COMMON_BLOCKS = YES;
				GCC_WARN_64_TO_32_BIT_CONVERSION = YES;
				GCC_WARN_ABOUT_RETURN_TYPE = YES_ERROR;
				GCC_WARN_UNDECLARED_SELECTOR = YES;
				GCC_WARN_UNINITIALIZED_AUTOS = YES_AGGRESSIVE;
				GCC_WARN_UNUSED_FUNCTION = YES;
				GCC_WARN_UNUSED_VARIABLE = YES;
				IPHONEOS_DEPLOYMENT_TARGET = 15.5;
				MTL_ENABLE_DEBUG_INFO = NO;
				MTL_FAST_MATH = YES;
				SDKROOT = iphoneos;
				SWIFT_COMPILATION_MODE = wholemodule;
				SWIFT_OPTIMIZATION_LEVEL = "-O";
				VALIDATE_PRODUCT = YES;
			};
			name = Release;
		};
		B33B210228BE281100E66FCC /* Debug */ = {
			isa = XCBuildConfiguration;
			baseConfigurationReference = 8D09ED985491E3A84B4B7FA5 /* Pods-CardLang.debug.xcconfig */;
			buildSettings = {
				ASSETCATALOG_COMPILER_APPICON_NAME = AppIcon;
				ASSETCATALOG_COMPILER_GLOBAL_ACCENT_COLOR_NAME = AccentColor;
				CODE_SIGN_STYLE = Automatic;
				CURRENT_PROJECT_VERSION = 1;
				DEVELOPMENT_TEAM = 9GPA4D74AA;
				GENERATE_INFOPLIST_FILE = YES;
				INFOPLIST_FILE = CardLang/Info.plist;
				INFOPLIST_KEY_CFBundleDisplayName = CardLang;
				INFOPLIST_KEY_LSApplicationCategoryType = "public.app-category.education";
				INFOPLIST_KEY_UIApplicationSupportsIndirectInputEvents = YES;
				INFOPLIST_KEY_UILaunchStoryboardName = LaunchScreen;
				INFOPLIST_KEY_UIMainStoryboardFile = Main;
				INFOPLIST_KEY_UISupportedInterfaceOrientations_iPad = "UIInterfaceOrientationPortrait UIInterfaceOrientationPortraitUpsideDown UIInterfaceOrientationLandscapeLeft UIInterfaceOrientationLandscapeRight";
				INFOPLIST_KEY_UISupportedInterfaceOrientations_iPhone = "UIInterfaceOrientationPortrait UIInterfaceOrientationLandscapeLeft UIInterfaceOrientationLandscapeRight";
				IPHONEOS_DEPLOYMENT_TARGET = 16.0;
				LD_RUNPATH_SEARCH_PATHS = (
					"$(inherited)",
					"@executable_path/Frameworks",
				);
				MARKETING_VERSION = 0.1.0;
				PRODUCT_BUNDLE_IDENTIFIER = com.leonid.cardlang;
				PRODUCT_NAME = "$(TARGET_NAME)";
				SWIFT_EMIT_LOC_STRINGS = YES;
				SWIFT_VERSION = 5.0;
				TARGETED_DEVICE_FAMILY = "1,2";
			};
			name = Debug;
		};
		B33B210328BE281100E66FCC /* Release */ = {
			isa = XCBuildConfiguration;
			baseConfigurationReference = 50D091FDAB469BAB18CA3033 /* Pods-CardLang.release.xcconfig */;
			buildSettings = {
				ASSETCATALOG_COMPILER_APPICON_NAME = AppIcon;
				ASSETCATALOG_COMPILER_GLOBAL_ACCENT_COLOR_NAME = AccentColor;
				CODE_SIGN_STYLE = Automatic;
				CURRENT_PROJECT_VERSION = 1;
				DEVELOPMENT_TEAM = 9GPA4D74AA;
				GENERATE_INFOPLIST_FILE = YES;
				INFOPLIST_FILE = CardLang/Info.plist;
				INFOPLIST_KEY_CFBundleDisplayName = CardLang;
				INFOPLIST_KEY_LSApplicationCategoryType = "public.app-category.education";
				INFOPLIST_KEY_UIApplicationSupportsIndirectInputEvents = YES;
				INFOPLIST_KEY_UILaunchStoryboardName = LaunchScreen;
				INFOPLIST_KEY_UIMainStoryboardFile = Main;
				INFOPLIST_KEY_UISupportedInterfaceOrientations_iPad = "UIInterfaceOrientationPortrait UIInterfaceOrientationPortraitUpsideDown UIInterfaceOrientationLandscapeLeft UIInterfaceOrientationLandscapeRight";
				INFOPLIST_KEY_UISupportedInterfaceOrientations_iPhone = "UIInterfaceOrientationPortrait UIInterfaceOrientationLandscapeLeft UIInterfaceOrientationLandscapeRight";
				IPHONEOS_DEPLOYMENT_TARGET = 16.0;
				LD_RUNPATH_SEARCH_PATHS = (
					"$(inherited)",
					"@executable_path/Frameworks",
				);
				MARKETING_VERSION = 0.1.0;
				PRODUCT_BUNDLE_IDENTIFIER = com.leonid.cardlang;
				PRODUCT_NAME = "$(TARGET_NAME)";
				SWIFT_EMIT_LOC_STRINGS = YES;
				SWIFT_VERSION = 5.0;
				TARGETED_DEVICE_FAMILY = "1,2";
			};
			name = Release;
		};
		B35F629528E6E99F00C5F250 /* Debug */ = {
			isa = XCBuildConfiguration;
			buildSettings = {
				BUNDLE_LOADER = "$(TEST_HOST)";
				CLANG_CXX_LANGUAGE_STANDARD = "gnu++20";
				CODE_SIGN_STYLE = Automatic;
				CURRENT_PROJECT_VERSION = 1;
				DEVELOPMENT_TEAM = YARMR5F2CV;
				GENERATE_INFOPLIST_FILE = YES;
				IPHONEOS_DEPLOYMENT_TARGET = 16.0;
				MARKETING_VERSION = 1.0;
				PRODUCT_BUNDLE_IDENTIFIER = com.iskandarov.leonid.CardLangTests;
				PRODUCT_NAME = "$(TARGET_NAME)";
				SWIFT_EMIT_LOC_STRINGS = NO;
				SWIFT_VERSION = 5.0;
				TARGETED_DEVICE_FAMILY = "1,2";
				TEST_HOST = "$(BUILT_PRODUCTS_DIR)/CardLang.app/$(BUNDLE_EXECUTABLE_FOLDER_PATH)/CardLang";
			};
			name = Debug;
		};
		B35F629628E6E99F00C5F250 /* Release */ = {
			isa = XCBuildConfiguration;
			buildSettings = {
				BUNDLE_LOADER = "$(TEST_HOST)";
				CLANG_CXX_LANGUAGE_STANDARD = "gnu++20";
				CODE_SIGN_STYLE = Automatic;
				CURRENT_PROJECT_VERSION = 1;
				DEVELOPMENT_TEAM = YARMR5F2CV;
				GENERATE_INFOPLIST_FILE = YES;
				IPHONEOS_DEPLOYMENT_TARGET = 16.0;
				MARKETING_VERSION = 1.0;
				PRODUCT_BUNDLE_IDENTIFIER = com.iskandarov.leonid.CardLangTests;
				PRODUCT_NAME = "$(TARGET_NAME)";
				SWIFT_EMIT_LOC_STRINGS = NO;
				SWIFT_VERSION = 5.0;
				TARGETED_DEVICE_FAMILY = "1,2";
				TEST_HOST = "$(BUILT_PRODUCTS_DIR)/CardLang.app/$(BUNDLE_EXECUTABLE_FOLDER_PATH)/CardLang";
			};
			name = Release;
		};
/* End XCBuildConfiguration section */

/* Begin XCConfigurationList section */
		B33B20E528BE281000E66FCC /* Build configuration list for PBXProject "CardLang" */ = {
			isa = XCConfigurationList;
			buildConfigurations = (
				B33B20FF28BE281100E66FCC /* Debug */,
				B33B210028BE281100E66FCC /* Release */,
			);
			defaultConfigurationIsVisible = 0;
			defaultConfigurationName = Release;
		};
		B33B210128BE281100E66FCC /* Build configuration list for PBXNativeTarget "CardLang" */ = {
			isa = XCConfigurationList;
			buildConfigurations = (
				B33B210228BE281100E66FCC /* Debug */,
				B33B210328BE281100E66FCC /* Release */,
			);
			defaultConfigurationIsVisible = 0;
			defaultConfigurationName = Release;
		};
		B35F629728E6E99F00C5F250 /* Build configuration list for PBXNativeTarget "CardLangTests" */ = {
			isa = XCConfigurationList;
			buildConfigurations = (
				B35F629528E6E99F00C5F250 /* Debug */,
				B35F629628E6E99F00C5F250 /* Release */,
			);
			defaultConfigurationIsVisible = 0;
			defaultConfigurationName = Release;
		};
/* End XCConfigurationList section */

/* Begin XCVersionGroup section */
		B33B20F628BE281000E66FCC /* CardLang.xcdatamodeld */ = {
			isa = XCVersionGroup;
			children = (
				B33B20F728BE281000E66FCC /* CardLang.xcdatamodel */,
			);
			currentVersion = B33B20F728BE281000E66FCC /* CardLang.xcdatamodel */;
			path = CardLang.xcdatamodeld;
			sourceTree = "<group>";
			versionGroupType = wrapper.xcdatamodel;
		};
/* End XCVersionGroup section */
	};
	rootObject = B33B20E228BE281000E66FCC /* Project object */;
}
