PODS:
  - CardSlider (0.1.0)
  - Differ (1.4.5)
  - EmptyStateKit (1.1.0)
  - IQKeyboardManagerSwift (6.5.10)
  - Realm (10.28.2):
    - Realm/Headers (= 10.28.2)
  - Realm/Headers (10.28.2)
  - RealmSwift (10.28.2):
    - Realm (= 10.28.2)
  - RSKPlaceholderTextView (6.1.0)
  - Shuffle-iOS (0.5.0)
  - SwiftyJSON (4.3.0)

DEPENDENCIES:
  - CardSlider
  - Differ
  - EmptyStateKit
  - IQKeyboardManagerSwift
  - RealmSwift (~> 10)
  - RSKPlaceholderTextView
  - Shuffle-iOS
  - SwiftyJSON (~> 4.0)

SPEC REPOS:
  trunk:
    - CardSlider
    - Differ
    - EmptyStateKit
    - IQKeyboardManagerSwift
    - Realm
    - RealmSwift
    - RSKPlaceholderTextView
    - Shuffle-iOS
    - SwiftyJSON

SPEC CHECKSUMS:
  CardSlider: 0a8f5f17f5a76701771794b07fdaeddc512358c8
  Differ: 3b6bd78e2b20cc795d9a86f7641d087524e4273e
  EmptyStateKit: dc41e9ce5c6089f67a49d063bce73ade9f2ba73f
  IQKeyboardManagerSwift: 52962c76ab33532f15ad9f3ff4e5715eda5335bb
  Realm: e617c54ad0f566b3d0f6a2abae7010de05f252ac
  RealmSwift: 8a516a8759d80d52ebcec1ff1076f5f5159f98b2
  RSKPlaceholderTextView: 52f26e643b6f9bbf16f45cd2bbe2181b6dfe090c
  Shuffle-iOS: ff33658fb1e5eebd6a4724c156473e63754be9cb
  SwiftyJSON: 6faa0040f8b59dead0ee07436cbf76b73c08fd08

PODFILE CHECKSUM: b5bc85dd47b90fee2b69cba2a282677c17f85baf

COCOAPODS: 1.11.3
